{
  "name": "examples",
  "version": "1.0.0",
  "lockfileVersion": 2,
  "requires": true,
  "packages": {
    "": {
      "name": "examples",
      "version": "1.0.0",
      "dependencies": {
        "@axiomhq/axiom-node": "../lib"
      }
    },
    "../lib": {},
    "node_modules/@axiomhq/axiom-node": {
      "resolved": "../lib",
      "link": true
    }
  },
  "dependencies": {
    "@axiomhq/axiom-node": {
      "version": "file:../lib"
    }
  }
}
